<Solution>
  <Folder Name="/Core/">
    <Project Path="Hawkynt.Algorithms.Hashing/Hawkynt.Algorithms.Hashing.csproj" />
    <Project Path="Hawkynt.Algorithms.Checksums/Hawkynt.Algorithms.Checksums.csproj" />
    <Project Path="Compression.Core/Hawkynt.Compression.Core.csproj" />
    <Project Path="Compression.Registry/Compression.Registry.csproj" />
    <Project Path="Compression.Registry.Generator/Compression.Registry.Generator.csproj" />
    <Project Path="Compression.Lib/Compression.Lib.csproj" />
    <Project Path="Compression.Analysis/Compression.Analysis.csproj" />
    <Project Path="Compression.Mounting/Compression.Mounting.csproj" />
    <Project Path="Compression.Mounting.Dokan/Compression.Mounting.Dokan.csproj" />
    <Project Path="Compression.NativeUI/Compression.NativeUI.csproj" />
  </Folder>
  <Folder Name="/MetaPackages/">
    <Project Path="Hawkynt.FileFormats.Audio/Hawkynt.FileFormats.Audio.csproj" />
    <Project Path="Hawkynt.FileFormats.Archives/Hawkynt.FileFormats.Archives.csproj" />
    <Project Path="Hawkynt.FileFormats.FileSystems/Hawkynt.FileFormats.FileSystems.csproj" />
  </Folder>
  <Folder Name="/Apps/">
    <Project Path="Compression.CLI/Compression.CLI.csproj" />
    <Project Path="Compression.Shell/Compression.Shell.csproj" />
    <Project Path="Compression.Sfx.Cli/Compression.Sfx.Cli.csproj" />
    <Project Path="Compression.Sfx.Ui/Compression.Sfx.Ui.csproj" />
  </Folder>
  <Folder Name="/Tests/">
    <Project Path="Compression.Tests/Compression.Tests.csproj" />
  </Folder>
  <Folder Name="/Benchmarks/">
    <Project Path="Compression.Benchmarks/Compression.Benchmarks.csproj" />
  </Folder>
</Solution>
