<Solution>
  <Folder Name="/Core/">
    <Project Path="Hawkynt.Algorithms.Hashing/Hawkynt.Algorithms.Hashing.csproj" />
    <Project Path="Hawkynt.Algorithms.Checksums/Hawkynt.Algorithms.Checksums.csproj" />
    <Project Path="Compression.Core/Hawkynt.Compression.Core.csproj" />
    <Project Path="Compression.Registry/Compression.Registry.csproj" />
    <Project Path="Compression.Registry.Generator/Compression.Registry.Generator.csproj" />
    <Project Path="Compression.Lib/Compression.Lib.csproj" />
    <Project Path="Compression.Analysis/Compression.Analysis.csproj" />
    <Project Path="Compression.Mounting/Compression.Mounting.csproj" />
    <Project Path="Compression.Mounting.Dokan/Compression.Mounting.Dokan.csproj" />
    <Project Path="Compression.NativeUI/Compression.NativeUI.csproj" />
  </Folder>
  <Folder Name="/MetaPackages/">
    <Project Path="Hawkynt.FileFormats.Audio/Hawkynt.FileFormats.Audio.csproj" />
    <Project Path="Hawkynt.FileFormats.Archives/Hawkynt.FileFormats.Archives.csproj" />
    <Project Path="Hawkynt.FileFormats.FileSystems/Hawkynt.FileFormats.FileSystems.csproj" />
  </Folder>
  <Folder Name="/FileFormats/">
    <Project Path="Codecs/Codec.ALaw/Codec.ALaw.csproj" />
    <Project Path="Codecs/Codec.Gsm610/Codec.Gsm610.csproj" />
    <Project Path="Codecs/Codec.ImaAdpcm/Codec.ImaAdpcm.csproj" />
    <Project Path="Codecs/Codec.MsAdpcm/Codec.MsAdpcm.csproj" />
    <Project Path="Codecs/Codec.MuLaw/Codec.MuLaw.csproj" />
    <Project Path="Codecs/Codec.Mp3/Codec.Mp3.csproj" />
    <Project Path="Codecs/Codec.Vorbis/Codec.Vorbis.csproj" />
    <Project Path="Codecs/Codec.Opus/Codec.Opus.csproj" />
    <Project Path="Codecs/Codec.Aac/Codec.Aac.csproj" />
    <Project Path="FileFormats/FileFormat.Akb/FileFormat.Akb.csproj" />
    <Project Path="FileFormats/FileFormat.Avi/FileFormat.Avi.csproj" />
    <Project Path="FileFormats/FileFormat.Avif/FileFormat.Avif.csproj" />
    <Project Path="FileFormats/FileFormat.Awb/FileFormat.Awb.csproj" />
    <Project Path="FileFormats/FileFormat.Bzip2/FileFormat.Bzip2.csproj" />
    <Project Path="FileFormats/FileFormat.BochsDisk/FileFormat.BochsDisk.csproj" />
    <Project Path="FileFormats/FileFormat.CloneCd/FileFormat.CloneCd.csproj" />
    <Project Path="FileFormats/FileFormat.Qed/FileFormat.Qed.csproj" />
    <Project Path="FileFormats/FileFormat.Td0/FileFormat.Td0.csproj" />
    <Project Path="FileFormats/FileFormat.Imd/FileFormat.Imd.csproj" />
    <Project Path="FileFormats/FileFormat.Hfe/FileFormat.Hfe.csproj" />
    <Project Path="FileFormats/FileFormat.Woz/FileFormat.Woz.csproj" />
    <Project Path="FileFormats/FileFormat.Qoi/FileFormat.Qoi.csproj" />
    <Project Path="FileFormats/FileFormat.Dpx/FileFormat.Dpx.csproj" />
    <Project Path="FileFormats/FileFormat.Ffu/FileFormat.Ffu.csproj" />
    <Project Path="FileFormats/FileFormat.AndroidSparse/FileFormat.AndroidSparse.csproj" />
    <Project Path="FileFormats/FileFormat.Nbi/FileFormat.Nbi.csproj" />
    <Project Path="FileFormats/FileFormat.ParallelsHdd/FileFormat.ParallelsHdd.csproj" />
    <Project Path="FileFormats/FileFormat.Djvu/FileFormat.Djvu.csproj" />
    <Project Path="FileFormats/FileFormat.Dng/FileFormat.Dng.csproj" />
    <Project Path="Codecs/Codec.Flac/Codec.Flac.csproj" />
    <Project Path="Codecs/Codec.Pcm/Codec.Pcm.csproj" />
    <Project Path="Codecs/Codec.OkiAdpcm/Codec.OkiAdpcm.csproj" />
    <Project Path="Codecs/Codec.G72x/Codec.G72x.csproj" />
    <Project Path="Codecs/Codec.Alac/Codec.Alac.csproj" />
    <Project Path="Codecs/Codec.G722/Codec.G722.csproj" />
    <Project Path="Codecs/Codec.AicaAdpcm/Codec.AicaAdpcm.csproj" />
    <Project Path="Codecs/Codec.Ra144/Codec.Ra144.csproj" />
    <Project Path="Codecs/Codec.TrueSpeech/Codec.TrueSpeech.csproj" />
    <Project Path="Codecs/Codec.Wma/Codec.Wma.csproj" />
    <Project Path="Codecs/Codec.Ac3/Codec.Ac3.csproj" />
    <Project Path="Codecs/Codec.Cook/Codec.Cook.csproj" />
    <Project Path="Codecs/Codec.Atrac3/Codec.Atrac3.csproj" />
    <Project Path="Codecs/Codec.WmaPro/Codec.WmaPro.csproj" />
    <Project Path="Codecs/Codec.Sipr/Codec.Sipr.csproj" />
    <Project Path="Codecs/Codec.AdpcmX/Codec.AdpcmX.csproj" />
    <Project Path="Codecs/Codec.BinkAudio/Codec.BinkAudio.csproj" />
    <Project Path="Codecs/Codec.SmackerAudio/Codec.SmackerAudio.csproj" />
    <Project Path="Codecs/Codec.Ra288/Codec.Ra288.csproj" />
    <Project Path="Codecs/Codec.Ralf/Codec.Ralf.csproj" />
    <Project Path="Codecs/Codec.WmaLossless/Codec.WmaLossless.csproj" />
    <Project Path="Codecs/Codec.Dfpwm/Codec.Dfpwm.csproj" />
    <Project Path="FileFormats/FileFormat.Gif/FileFormat.Gif.csproj" />
    <Project Path="FileFormats/FileFormat.Glb/FileFormat.Glb.csproj" />
    <Project Path="FileFormats/FileFormat.Heif/FileFormat.Heif.csproj" />
    <Project Path="FileFormats/FileFormat.Jp2/FileFormat.Jp2.csproj" />
    <Project Path="FileFormats/FileFormat.JpegArchive/FileFormat.JpegArchive.csproj" />
    <Project Path="FileFormats/FileFormat.Jxl/FileFormat.Jxl.csproj" />
    <Project Path="FileFormats/FileFormat.Lzfse/FileFormat.Lzfse.csproj" />
    <Project Path="FileFormats/FileFormat.Lzma/FileFormat.Lzma.csproj" />
    <Project Path="FileFormats/FileFormat.Matroska/FileFormat.Matroska.csproj" />
    <Project Path="FileFormats/FileFormat.Mp4/FileFormat.Mp4.csproj" />
    <Project Path="FileFormats/FileFormat.Pfs0/FileFormat.Pfs0.csproj" />
    <Project Path="FileFormats/FileFormat.PngCrushAdapters/FileFormat.PngCrushAdapters.csproj" />
    <Project Path="FileFormats/FileFormat.Psf/FileFormat.Psf.csproj" />
    <Project Path="FileFormats/FileFormat.Ktx2/FileFormat.Ktx2.csproj" />
    <Project Path="FileFormats/FileFormat.Psb/FileFormat.Psb.csproj" />
    <Project Path="FileFormats/FileFormat.Psd/FileFormat.Psd.csproj" />
    <Project Path="FileSystems/FileSystem.SquashFs/FileSystem.SquashFs.csproj" />
    <Project Path="FileFormats/FileFormat.T64/FileFormat.T64.csproj" />
    <Project Path="FileFormats/FileFormat.Wav/FileFormat.Wav.csproj" />
    <Project Path="FileFormats/FileFormat.Webp/FileFormat.Webp.csproj" />
    <Project Path="FileFormats/FileFormat.Xz/FileFormat.Xz.csproj" />
    <Project Path="FileFormats/FileFormat.Zip/FileFormat.Zip.csproj" />
    <Project Path="FileFormats/FileFormat.Zlib/FileFormat.Zlib.csproj" />
    <Project Path="FileFormats/FileFormat.Zstd/FileFormat.Zstd.csproj" />
    <Project Path="FileFormats/FileFormat.Asf/FileFormat.Asf.csproj" />
    <Project Path="FileFormats/FileFormat.RealMedia/FileFormat.RealMedia.csproj" />
    <Project Path="FileFormats/FileFormat.Bik/FileFormat.Bik.csproj" />
    <Project Path="FileFormats/FileFormat.Smk/FileFormat.Smk.csproj" />
  </Folder>
  <Folder Name="/Apps/">
    <Project Path="Compression.CLI/Compression.CLI.csproj" />
    <Project Path="Compression.UI/Compression.UI.csproj" />
    <Project Path="Compression.Shell/Compression.Shell.csproj" />
    <Project Path="Compression.Sfx.Cli/Compression.Sfx.Cli.csproj" />
    <Project Path="Compression.Sfx.Ui/Compression.Sfx.Ui.csproj" />
  </Folder>
  <Folder Name="/Tests/">
    <Project Path="Compression.Tests/Compression.Tests.csproj" />
  </Folder>
  <Folder Name="/Benchmarks/">
    <Project Path="Compression.Benchmarks/Compression.Benchmarks.csproj" />
  </Folder>
</Solution>
